// !$*UTF8*$!
{
	archiveVersion = 1;
	classes = {
	};
	objectVersion = 48;
	objects = {

/* Begin PBXBuildFile section */
		F8D99B19205CF3380081206F /* JHToolsSDK_Template.m in Sources */ = {isa = PBXBuildFile; fileRef = F8D99B18205CF3380081206F /* JHToolsSDK_Template.m */; };
		F8D99B1A205CF3380081206F /* JHToolsSDK_Template.h in CopyFiles */ = {isa = PBXBuildFile; fileRef = F8D99B17205CF3380081206F /* JHToolsSDK_Template.h */; };
		F8D99B27205CF7430081206F /* JHToolsUtils.m in Sources */ = {isa = PBXBuildFile; fileRef = F8D99B26205CF7430081206F /* JHToolsUtils.m */; };
		F8D99B2A205F40FD0081206F /* HNPloyProgressHUD.m in Sources */ = {isa = PBXBuildFile; fileRef = F8D99B28205F40FC0081206F /* HNPloyProgressHUD.m */; };
/* End PBXBuildFile section */

/* Begin PBXCopyFilesBuildPhase section */
		F8D99B12205CF3380081206F /* CopyFiles */ = {
			isa = PBXCopyFilesBuildPhase;
			buildActionMask = 2147483647;
			dstPath = "include/$(PRODUCT_NAME)";
			dstSubfolderSpec = 16;
			files = (
				F8D99B1A205CF3380081206F /* JHToolsSDK_Template.h in CopyFiles */,
			);
			runOnlyForDeploymentPostprocessing = 0;
		};
/* End PBXCopyFilesBuildPhase section */

/* Begin PBXFileReference section */
		F855523A2249F9D8002B2CFA /* HuoSDK.bundle */ = {isa = PBXFileReference; lastKnownFileType = "wrapper.plug-in"; path = HuoSDK.bundle; sourceTree = "<group>"; };
		F855523B2249F9D8002B2CFA /* HuoSdkConfig.plist */ = {isa = PBXFileReference; fileEncoding = 4; lastKnownFileType = text.plist.xml; path = HuoSdkConfig.plist; sourceTree = "<group>"; };
		F855523C2249F9D8002B2CFA /* changelog.txt */ = {isa = PBXFileReference; fileEncoding = 4; lastKnownFileType = text; path = changelog.txt; sourceTree = "<group>"; };
		F855523D2249F9D8002B2CFA /* HuoSDK.framework */ = {isa = PBXFileReference; lastKnownFileType = wrapper.framework; path = HuoSDK.framework; sourceTree = "<group>"; };
		F85552402249F9D8002B2CFA /* OpenUDID.m */ = {isa = PBXFileReference; fileEncoding = 4; lastKnownFileType = sourcecode.c.objc; path = OpenUDID.m; sourceTree = "<group>"; };
		F85552412249F9D8002B2CFA /* README.md */ = {isa = PBXFileReference; fileEncoding = 4; lastKnownFileType = net.daringfireball.markdown; path = README.md; sourceTree = "<group>"; };
		F85552422249F9D8002B2CFA /* OpenUDID.h */ = {isa = PBXFileReference; fileEncoding = 4; lastKnownFileType = sourcecode.c.h; path = OpenUDID.h; sourceTree = "<group>"; };
		F85552442249F9D8002B2CFA /* IpaynowPluginApi.h */ = {isa = PBXFileReference; fileEncoding = 4; lastKnownFileType = sourcecode.c.h; path = IpaynowPluginApi.h; sourceTree = "<group>"; };
		F85552452249F9D8002B2CFA /* IPNDESUtil.h */ = {isa = PBXFileReference; fileEncoding = 4; lastKnownFileType = sourcecode.c.h; path = IPNDESUtil.h; sourceTree = "<group>"; };
		F85552462249F9D8002B2CFA /* libIPaynowPlugin.a */ = {isa = PBXFileReference; lastKnownFileType = archive.ar; path = libIPaynowPlugin.a; sourceTree = "<group>"; };
		F85552472249F9D8002B2CFA /* IpaynowPluginDelegate.h */ = {isa = PBXFileReference; fileEncoding = 4; lastKnownFileType = sourcecode.c.h; path = IpaynowPluginDelegate.h; sourceTree = "<group>"; };
		F85552482249F9D8002B2CFA /* ipaynow.bundle */ = {isa = PBXFileReference; lastKnownFileType = "wrapper.plug-in"; path = ipaynow.bundle; sourceTree = "<group>"; };
		F85552492249F9D8002B2CFA /* IPNPreSignMessageUtil.h */ = {isa = PBXFileReference; fileEncoding = 4; lastKnownFileType = sourcecode.c.h; path = IPNPreSignMessageUtil.h; sourceTree = "<group>"; };
		F855524B2249F9D8002B2CFA /* JNetManager.h */ = {isa = PBXFileReference; fileEncoding = 4; lastKnownFileType = sourcecode.c.h; path = JNetManager.h; sourceTree = "<group>"; };
		F855524C2249F9D8002B2CFA /* libJNetSdk.a */ = {isa = PBXFileReference; lastKnownFileType = archive.ar; path = libJNetSdk.a; sourceTree = "<group>"; };
		F855524D2249F9D8002B2CFA /* JNetResponse.h */ = {isa = PBXFileReference; fileEncoding = 4; lastKnownFileType = sourcecode.c.h; path = JNetResponse.h; sourceTree = "<group>"; };
		F85552502249F9D8002B2CFA /* libJNetWXAdapter.a */ = {isa = PBXFileReference; lastKnownFileType = archive.ar; path = libJNetWXAdapter.a; sourceTree = "<group>"; };
		F85552512249F9D8002B2CFA /* WXApi.h */ = {isa = PBXFileReference; fileEncoding = 4; lastKnownFileType = sourcecode.c.h; path = WXApi.h; sourceTree = "<group>"; };
		F85552522249F9D8002B2CFA /* WXApiObject.h */ = {isa = PBXFileReference; fileEncoding = 4; lastKnownFileType = sourcecode.c.h; path = WXApiObject.h; sourceTree = "<group>"; };
		F85552532249F9D8002B2CFA /* libWeChatSDK.a */ = {isa = PBXFileReference; lastKnownFileType = archive.ar; path = libWeChatSDK.a; sourceTree = "<group>"; };
		F85552552249F9D8002B2CFA /* libJNetSPAdapter.a */ = {isa = PBXFileReference; lastKnownFileType = archive.ar; path = libJNetSPAdapter.a; sourceTree = "<group>"; };
		F85552562249F9D8002B2CFA /* HySdkResource.bundle */ = {isa = PBXFileReference; lastKnownFileType = "wrapper.plug-in"; path = HySdkResource.bundle; sourceTree = "<group>"; };
		F85552582249F9D8002B2CFA /* AlipaySDK.bundle */ = {isa = PBXFileReference; lastKnownFileType = "wrapper.plug-in"; path = AlipaySDK.bundle; sourceTree = "<group>"; };
		F85552592249F9D8002B2CFA /* libJNetAliAdapter.a */ = {isa = PBXFileReference; lastKnownFileType = archive.ar; path = libJNetAliAdapter.a; sourceTree = "<group>"; };
		F855525A2249F9D8002B2CFA /* AlipaySDK.framework */ = {isa = PBXFileReference; lastKnownFileType = wrapper.framework; path = AlipaySDK.framework; sourceTree = "<group>"; };
		F855525B2249F9D8002B2CFA /* JNetRequest.h */ = {isa = PBXFileReference; fileEncoding = 4; lastKnownFileType = sourcecode.c.h; path = JNetRequest.h; sourceTree = "<group>"; };
		F855525C2249F9D8002B2CFA /* ALKATIP Basma Tom.TTF */ = {isa = PBXFileReference; lastKnownFileType = file; path = "ALKATIP Basma Tom.TTF"; sourceTree = "<group>"; };
		F855525F2249F9D8002B2CFA /* SPayClientPayHelpModel.h */ = {isa = PBXFileReference; fileEncoding = 4; lastKnownFileType = sourcecode.c.h; path = SPayClientPayHelpModel.h; sourceTree = "<group>"; };
		F85552602249F9D8002B2CFA /* SPayClientXMLWriter.h */ = {isa = PBXFileReference; fileEncoding = 4; lastKnownFileType = sourcecode.c.h; path = SPayClientXMLWriter.h; sourceTree = "<group>"; };
		F85552612249F9D8002B2CFA /* NSDictionary+SPayUtilsExtras.h */ = {isa = PBXFileReference; fileEncoding = 4; lastKnownFileType = sourcecode.c.h; path = "NSDictionary+SPayUtilsExtras.h"; sourceTree = "<group>"; };
		F85552622249F9D8002B2CFA /* SPayClient.h */ = {isa = PBXFileReference; fileEncoding = 4; lastKnownFileType = sourcecode.c.h; path = SPayClient.h; sourceTree = "<group>"; };
		F85552632249F9D8002B2CFA /* SPayClientQQConfigModel.h */ = {isa = PBXFileReference; fileEncoding = 4; lastKnownFileType = sourcecode.c.h; path = SPayClientQQConfigModel.h; sourceTree = "<group>"; };
		F85552642249F9D8002B2CFA /* SPBaseModel.h */ = {isa = PBXFileReference; fileEncoding = 4; lastKnownFileType = sourcecode.c.h; path = SPBaseModel.h; sourceTree = "<group>"; };
		F85552652249F9D8002B2CFA /* SPayClientPaySuccessModel.h */ = {isa = PBXFileReference; fileEncoding = 4; lastKnownFileType = sourcecode.c.h; path = SPayClientPaySuccessModel.h; sourceTree = "<group>"; };
		F85552662249F9D8002B2CFA /* SPayClientConstEnum.h */ = {isa = PBXFileReference; fileEncoding = 4; lastKnownFileType = sourcecode.c.h; path = SPayClientConstEnum.h; sourceTree = "<group>"; };
		F85552672249F9D8002B2CFA /* SPayClientPaySuccessDetailModel.h */ = {isa = PBXFileReference; fileEncoding = 4; lastKnownFileType = sourcecode.c.h; path = SPayClientPaySuccessDetailModel.h; sourceTree = "<group>"; };
		F85552682249F9D8002B2CFA /* NSString+SPayUtilsExtras.h */ = {isa = PBXFileReference; fileEncoding = 4; lastKnownFileType = sourcecode.c.h; path = "NSString+SPayUtilsExtras.h"; sourceTree = "<group>"; };
		F85552692249F9D8002B2CFA /* SPayClientPayDetailModel.h */ = {isa = PBXFileReference; fileEncoding = 4; lastKnownFileType = sourcecode.c.h; path = SPayClientPayDetailModel.h; sourceTree = "<group>"; };
		F855526A2249F9D8002B2CFA /* SPayClientHeaders.h */ = {isa = PBXFileReference; fileEncoding = 4; lastKnownFileType = sourcecode.c.h; path = SPayClientHeaders.h; sourceTree = "<group>"; };
		F855526B2249F9D8002B2CFA /* SPayClientAlipayConfigModel.h */ = {isa = PBXFileReference; fileEncoding = 4; lastKnownFileType = sourcecode.c.h; path = SPayClientAlipayConfigModel.h; sourceTree = "<group>"; };
		F855526C2249F9D8002B2CFA /* SPayClientPayAppPayManager.h */ = {isa = PBXFileReference; fileEncoding = 4; lastKnownFileType = sourcecode.c.h; path = SPayClientPayAppPayManager.h; sourceTree = "<group>"; };
		F855526D2249F9D8002B2CFA /* SPayClientWechatConfigModel.h */ = {isa = PBXFileReference; fileEncoding = 4; lastKnownFileType = sourcecode.c.h; path = SPayClientWechatConfigModel.h; sourceTree = "<group>"; };
		F855526E2249F9D8002B2CFA /* SPayClientPayStateModel.h */ = {isa = PBXFileReference; fileEncoding = 4; lastKnownFileType = sourcecode.c.h; path = SPayClientPayStateModel.h; sourceTree = "<group>"; };
		F855526F2249F9D8002B2CFA /* SPayClientWapPayDetailModel.h */ = {isa = PBXFileReference; fileEncoding = 4; lastKnownFileType = sourcecode.c.h; path = SPayClientWapPayDetailModel.h; sourceTree = "<group>"; };
		F85552702249F9D8002B2CFA /* SPayClientReverseScanPayDetailModel.h */ = {isa = PBXFileReference; fileEncoding = 4; lastKnownFileType = sourcecode.c.h; path = SPayClientReverseScanPayDetailModel.h; sourceTree = "<group>"; };
		F85552712249F9D8002B2CFA /* SPaySDKResource.bundle */ = {isa = PBXFileReference; lastKnownFileType = "wrapper.plug-in"; path = SPaySDKResource.bundle; sourceTree = "<group>"; };
		F85552722249F9D8002B2CFA /* libSPaySDK.a */ = {isa = PBXFileReference; lastKnownFileType = archive.ar; path = libSPaySDK.a; sourceTree = "<group>"; };
		F85552742249F9D8002B2CFA /* AlipaySDK.bundle */ = {isa = PBXFileReference; lastKnownFileType = "wrapper.plug-in"; path = AlipaySDK.bundle; sourceTree = "<group>"; };
		F85552752249F9D8002B2CFA /* README.md */ = {isa = PBXFileReference; fileEncoding = 4; lastKnownFileType = net.daringfireball.markdown; path = README.md; sourceTree = "<group>"; };
		F85552762249F9D8002B2CFA /* AlipaySDK.framework */ = {isa = PBXFileReference; lastKnownFileType = wrapper.framework; path = AlipaySDK.framework; sourceTree = "<group>"; };
		F855527B2249F9D8002B2CFA /* WeiboSDK.bundle */ = {isa = PBXFileReference; lastKnownFileType = "wrapper.plug-in"; path = WeiboSDK.bundle; sourceTree = "<group>"; };
		F855527C2249F9D8002B2CFA /* libWeiboSDK.a */ = {isa = PBXFileReference; lastKnownFileType = archive.ar; path = libWeiboSDK.a; sourceTree = "<group>"; };
		F855527D2249F9D8002B2CFA /* WBHttpRequest.h */ = {isa = PBXFileReference; fileEncoding = 4; lastKnownFileType = sourcecode.c.h; path = WBHttpRequest.h; sourceTree = "<group>"; };
		F855527E2249F9D8002B2CFA /* WeiboSDK.h */ = {isa = PBXFileReference; fileEncoding = 4; lastKnownFileType = sourcecode.c.h; path = WeiboSDK.h; sourceTree = "<group>"; };
		F85552802249F9D8002B2CFA /* WXApi.h */ = {isa = PBXFileReference; fileEncoding = 4; lastKnownFileType = sourcecode.c.h; path = WXApi.h; sourceTree = "<group>"; };
		F85552812249F9D8002B2CFA /* WXApiObject.h */ = {isa = PBXFileReference; fileEncoding = 4; lastKnownFileType = sourcecode.c.h; path = WXApiObject.h; sourceTree = "<group>"; };
		F85552822249F9D8002B2CFA /* README.txt */ = {isa = PBXFileReference; fileEncoding = 4; lastKnownFileType = text; path = README.txt; sourceTree = "<group>"; };
		F85552832249F9D8002B2CFA /* WechatAuthSDK.h */ = {isa = PBXFileReference; fileEncoding = 4; lastKnownFileType = sourcecode.c.h; path = WechatAuthSDK.h; sourceTree = "<group>"; };
		F85552842249F9D8002B2CFA /* libWeChatSDK.a */ = {isa = PBXFileReference; lastKnownFileType = archive.ar; path = libWeChatSDK.a; sourceTree = "<group>"; };
		F85552862249F9D8002B2CFA /* TencentOpenAPI.framework */ = {isa = PBXFileReference; lastKnownFileType = wrapper.framework; path = TencentOpenAPI.framework; sourceTree = "<group>"; };
		F85552882249F9D8002B2CFA /* ShareSDKConnector.framework */ = {isa = PBXFileReference; lastKnownFileType = wrapper.framework; path = ShareSDKConnector.framework; sourceTree = "<group>"; };
		F85552892249F9D8002B2CFA /* ShareSDK.bundle */ = {isa = PBXFileReference; lastKnownFileType = "wrapper.plug-in"; path = ShareSDK.bundle; sourceTree = "<group>"; };
		F855528A2249F9D8002B2CFA /* MOBFoundation.framework */ = {isa = PBXFileReference; lastKnownFileType = wrapper.framework; path = MOBFoundation.framework; sourceTree = "<group>"; };
		F855528C2249F9D8002B2CFA /* ShareSDKUI.bundle */ = {isa = PBXFileReference; lastKnownFileType = "wrapper.plug-in"; path = ShareSDKUI.bundle; sourceTree = "<group>"; };
		F855528D2249F9D8002B2CFA /* ShareSDKConfigFile.framework */ = {isa = PBXFileReference; lastKnownFileType = wrapper.framework; path = ShareSDKConfigFile.framework; sourceTree = "<group>"; };
		F855528E2249F9D8002B2CFA /* ShareSDKExtension.framework */ = {isa = PBXFileReference; lastKnownFileType = wrapper.framework; path = ShareSDKExtension.framework; sourceTree = "<group>"; };
		F855528F2249F9D8002B2CFA /* ShareSDKUI.framework */ = {isa = PBXFileReference; lastKnownFileType = wrapper.framework; path = ShareSDKUI.framework; sourceTree = "<group>"; };
		F85552902249F9D8002B2CFA /* ShareSDKConfigFile.bundle */ = {isa = PBXFileReference; lastKnownFileType = "wrapper.plug-in"; path = ShareSDKConfigFile.bundle; sourceTree = "<group>"; };
		F85552922249F9D8002B2CFA /* SMSConnector.framework */ = {isa = PBXFileReference; lastKnownFileType = wrapper.framework; path = SMSConnector.framework; sourceTree = "<group>"; };
		F85552932249F9D8002B2CFA /* MailConnector.framework */ = {isa = PBXFileReference; lastKnownFileType = wrapper.framework; path = MailConnector.framework; sourceTree = "<group>"; };
		F85552942249F9D8002B2CFA /* QQConnector.framework */ = {isa = PBXFileReference; lastKnownFileType = wrapper.framework; path = QQConnector.framework; sourceTree = "<group>"; };
		F85552952249F9D8002B2CFA /* CopyConnector.framework */ = {isa = PBXFileReference; lastKnownFileType = wrapper.framework; path = CopyConnector.framework; sourceTree = "<group>"; };
		F85552962249F9D8002B2CFA /* TwitterConnector.framework */ = {isa = PBXFileReference; lastKnownFileType = wrapper.framework; path = TwitterConnector.framework; sourceTree = "<group>"; };
		F85552972249F9D8002B2CFA /* FacebookConnector.framework */ = {isa = PBXFileReference; lastKnownFileType = wrapper.framework; path = FacebookConnector.framework; sourceTree = "<group>"; };
		F85552982249F9D8002B2CFA /* WechatConnector.framework */ = {isa = PBXFileReference; lastKnownFileType = wrapper.framework; path = WechatConnector.framework; sourceTree = "<group>"; };
		F85552992249F9D8002B2CFA /* SinaWeiboConnector.framework */ = {isa = PBXFileReference; lastKnownFileType = wrapper.framework; path = SinaWeiboConnector.framework; sourceTree = "<group>"; };
		F855529A2249F9D8002B2CFA /* ShareSDK.framework */ = {isa = PBXFileReference; lastKnownFileType = wrapper.framework; path = ShareSDK.framework; sourceTree = "<group>"; };
		F855529C2249F9D8002B2CFA /* Reachability.m */ = {isa = PBXFileReference; fileEncoding = 4; lastKnownFileType = sourcecode.c.objc; path = Reachability.m; sourceTree = "<group>"; };
		F855529D2249F9D8002B2CFA /* LICENCE.txt */ = {isa = PBXFileReference; fileEncoding = 4; lastKnownFileType = text; path = LICENCE.txt; sourceTree = "<group>"; };
		F855529E2249F9D8002B2CFA /* README.md */ = {isa = PBXFileReference; fileEncoding = 4; lastKnownFileType = net.daringfireball.markdown; path = README.md; sourceTree = "<group>"; };
		F855529F2249F9D8002B2CFA /* Reachability.h */ = {isa = PBXFileReference; fileEncoding = 4; lastKnownFileType = sourcecode.c.h; path = Reachability.h; sourceTree = "<group>"; };
		F85552A12249F9D8002B2CFA /* openssl.framework */ = {isa = PBXFileReference; lastKnownFileType = wrapper.framework; path = openssl.framework; sourceTree = "<group>"; };
		F85552A22249F9D8002B2CFA /* README.md */ = {isa = PBXFileReference; fileEncoding = 4; lastKnownFileType = net.daringfireball.markdown; path = README.md; sourceTree = "<group>"; };
		F85552A52249F9D8002B2CFA /* UPPaymentControl.h */ = {isa = PBXFileReference; fileEncoding = 4; lastKnownFileType = sourcecode.c.h; path = UPPaymentControl.h; sourceTree = "<group>"; };
		F85552A72249F9D8002B2CFA /* libPaymentControl.a */ = {isa = PBXFileReference; lastKnownFileType = archive.ar; path = libPaymentControl.a; sourceTree = "<group>"; };
		F85552A92249F9D8002B2CFA /* MBProgressHUD.m */ = {isa = PBXFileReference; fileEncoding = 4; lastKnownFileType = sourcecode.c.objc; path = MBProgressHUD.m; sourceTree = "<group>"; };
		F85552AA2249F9D8002B2CFA /* LICENSE */ = {isa = PBXFileReference; fileEncoding = 4; lastKnownFileType = text; path = LICENSE; sourceTree = "<group>"; };
		F85552AB2249F9D8002B2CFA /* MBProgressHUD.h */ = {isa = PBXFileReference; fileEncoding = 4; lastKnownFileType = sourcecode.c.h; path = MBProgressHUD.h; sourceTree = "<group>"; };
		F85552AC2249F9D8002B2CFA /* README.mdown */ = {isa = PBXFileReference; fileEncoding = 4; lastKnownFileType = net.daringfireball.markdown; path = README.mdown; sourceTree = "<group>"; };
		F85552AE2249F9D8002B2CFA /* FWResource.bundle */ = {isa = PBXFileReference; lastKnownFileType = "wrapper.plug-in"; path = FWResource.bundle; sourceTree = "<group>"; };
		F85552B02249F9D8002B2CFA /* FWParam.h */ = {isa = PBXFileReference; fileEncoding = 4; lastKnownFileType = sourcecode.c.h; path = FWParam.h; sourceTree = "<group>"; };
		F85552B12249F9D8002B2CFA /* libFWSdk.a */ = {isa = PBXFileReference; lastKnownFileType = archive.ar; path = libFWSdk.a; sourceTree = "<group>"; };
		F85552B22249F9D8002B2CFA /* FWInterface.h */ = {isa = PBXFileReference; fileEncoding = 4; lastKnownFileType = sourcecode.c.h; path = FWInterface.h; sourceTree = "<group>"; };
		F85552B42249F9D8002B2CFA /* libPayecoPayPlugin.a */ = {isa = PBXFileReference; lastKnownFileType = archive.ar; path = libPayecoPayPlugin.a; sourceTree = "<group>"; };
		F85552B52249F9D8002B2CFA /* libPayecoPayPlugin.h */ = {isa = PBXFileReference; fileEncoding = 4; lastKnownFileType = sourcecode.c.h; path = libPayecoPayPlugin.h; sourceTree = "<group>"; };
		F85552B72249F9D8002B2CFA /* mask.h */ = {isa = PBXFileReference; fileEncoding = 4; lastKnownFileType = sourcecode.c.h; path = mask.h; sourceTree = "<group>"; };
		F85552B82249F9D8002B2CFA /* qrinput.h */ = {isa = PBXFileReference; fileEncoding = 4; lastKnownFileType = sourcecode.c.h; path = qrinput.h; sourceTree = "<group>"; };
		F85552B92249F9D8002B2CFA /* bitstream.c */ = {isa = PBXFileReference; fileEncoding = 4; lastKnownFileType = sourcecode.c.c; path = bitstream.c; sourceTree = "<group>"; };
		F85552BA2249F9D8002B2CFA /* config.h */ = {isa = PBXFileReference; fileEncoding = 4; lastKnownFileType = sourcecode.c.h; path = config.h; sourceTree = "<group>"; };
		F85552BB2249F9D8002B2CFA /* mmask.h */ = {isa = PBXFileReference; fileEncoding = 4; lastKnownFileType = sourcecode.c.h; path = mmask.h; sourceTree = "<group>"; };
		F85552BC2249F9D8002B2CFA /* qrencode.c */ = {isa = PBXFileReference; fileEncoding = 4; lastKnownFileType = sourcecode.c.c; path = qrencode.c; sourceTree = "<group>"; };
		F85552BD2249F9D8002B2CFA /* qrspec.h */ = {isa = PBXFileReference; fileEncoding = 4; lastKnownFileType = sourcecode.c.h; path = qrspec.h; sourceTree = "<group>"; };
		F85552BE2249F9D8002B2CFA /* mqrspec.h */ = {isa = PBXFileReference; fileEncoding = 4; lastKnownFileType = sourcecode.c.h; path = mqrspec.h; sourceTree = "<group>"; };
		F85552BF2249F9D8002B2CFA /* split.c */ = {isa = PBXFileReference; fileEncoding = 4; lastKnownFileType = sourcecode.c.c; path = split.c; sourceTree = "<group>"; };
		F85552C02249F9D8002B2CFA /* rscode.h */ = {isa = PBXFileReference; fileEncoding = 4; lastKnownFileType = sourcecode.c.h; path = rscode.h; sourceTree = "<group>"; };
		F85552C12249F9D8002B2CFA /* README */ = {isa = PBXFileReference; fileEncoding = 4; lastKnownFileType = text; path = README; sourceTree = "<group>"; };
		F85552C22249F9D8002B2CFA /* qrinput.c */ = {isa = PBXFileReference; fileEncoding = 4; lastKnownFileType = sourcecode.c.c; path = qrinput.c; sourceTree = "<group>"; };
		F85552C32249F9D8002B2CFA /* bitstream.h */ = {isa = PBXFileReference; fileEncoding = 4; lastKnownFileType = sourcecode.c.h; path = bitstream.h; sourceTree = "<group>"; };
		F85552C42249F9D8002B2CFA /* mask.c */ = {isa = PBXFileReference; fileEncoding = 4; lastKnownFileType = sourcecode.c.c; path = mask.c; sourceTree = "<group>"; };
		F85552C52249F9D8002B2CFA /* mqrspec.c */ = {isa = PBXFileReference; fileEncoding = 4; lastKnownFileType = sourcecode.c.c; path = mqrspec.c; sourceTree = "<group>"; };
		F85552C62249F9D8002B2CFA /* qrspec.c */ = {isa = PBXFileReference; fileEncoding = 4; lastKnownFileType = sourcecode.c.c; path = qrspec.c; sourceTree = "<group>"; };
		F85552C72249F9D8002B2CFA /* qrencode.h */ = {isa = PBXFileReference; fileEncoding = 4; lastKnownFileType = sourcecode.c.h; path = qrencode.h; sourceTree = "<group>"; };
		F85552C82249F9D8002B2CFA /* mmask.c */ = {isa = PBXFileReference; fileEncoding = 4; lastKnownFileType = sourcecode.c.c; path = mmask.c; sourceTree = "<group>"; };
		F85552C92249F9D8002B2CFA /* split.h */ = {isa = PBXFileReference; fileEncoding = 4; lastKnownFileType = sourcecode.c.h; path = split.h; sourceTree = "<group>"; };
		F85552CA2249F9D8002B2CFA /* rscode.c */ = {isa = PBXFileReference; fileEncoding = 4; lastKnownFileType = sourcecode.c.c; path = rscode.c; sourceTree = "<group>"; };
		F85552CD2249F9D8002B2CFA /* WXApi.h */ = {isa = PBXFileReference; fileEncoding = 4; lastKnownFileType = sourcecode.c.h; path = WXApi.h; sourceTree = "<group>"; };
		F85552CE2249F9D8002B2CFA /* WXApiObject.h */ = {isa = PBXFileReference; fileEncoding = 4; lastKnownFileType = sourcecode.c.h; path = WXApiObject.h; sourceTree = "<group>"; };
		F85552CF2249F9D8002B2CFA /* WechatAuthSDK.h */ = {isa = PBXFileReference; fileEncoding = 4; lastKnownFileType = sourcecode.c.h; path = WechatAuthSDK.h; sourceTree = "<group>"; };
		F85552D02249F9D8002B2CFA /* libWeChatSDK.a */ = {isa = PBXFileReference; lastKnownFileType = archive.ar; path = libWeChatSDK.a; sourceTree = "<group>"; };
		F8D99B14205CF3380081206F /* libJHToolsSDK_Template.a */ = {isa = PBXFileReference; explicitFileType = archive.ar; includeInIndex = 0; path = libJHToolsSDK_Template.a; sourceTree = BUILT_PRODUCTS_DIR; };
		F8D99B17205CF3380081206F /* JHToolsSDK_Template.h */ = {isa = PBXFileReference; lastKnownFileType = sourcecode.c.h; path = JHToolsSDK_Template.h; sourceTree = "<group>"; };
		F8D99B18205CF3380081206F /* JHToolsSDK_Template.m */ = {isa = PBXFileReference; lastKnownFileType = sourcecode.c.objc; path = JHToolsSDK_Template.m; sourceTree = "<group>"; };
		F8D99B25205CF7430081206F /* JHToolsUtils.h */ = {isa = PBXFileReference; lastKnownFileType = sourcecode.c.h; path = JHToolsUtils.h; sourceTree = "<group>"; };
		F8D99B26205CF7430081206F /* JHToolsUtils.m */ = {isa = PBXFileReference; lastKnownFileType = sourcecode.c.objc; path = JHToolsUtils.m; sourceTree = "<group>"; };
		F8D99B28205F40FC0081206F /* HNPloyProgressHUD.m */ = {isa = PBXFileReference; fileEncoding = 4; lastKnownFileType = sourcecode.c.objc; path = HNPloyProgressHUD.m; sourceTree = "<group>"; };
		F8D99B29205F40FD0081206F /* HNPloyProgressHUD.h */ = {isa = PBXFileReference; fileEncoding = 4; lastKnownFileType = sourcecode.c.h; path = HNPloyProgressHUD.h; sourceTree = "<group>"; };
/* End PBXFileReference section */

/* Begin PBXFrameworksBuildPhase section */
		F8D99B11205CF3380081206F /* Frameworks */ = {
			isa = PBXFrameworksBuildPhase;
			buildActionMask = 2147483647;
			files = (
			);
			runOnlyForDeploymentPostprocessing = 0;
		};
/* End PBXFrameworksBuildPhase section */

/* Begin PBXGroup section */
		F85552392249F9D8002B2CFA /* huosdkFramework */ = {
			isa = PBXGroup;
			children = (
				F855523A2249F9D8002B2CFA /* HuoSDK.bundle */,
				F855523B2249F9D8002B2CFA /* HuoSdkConfig.plist */,
				F855523C2249F9D8002B2CFA /* changelog.txt */,
				F855523D2249F9D8002B2CFA /* HuoSDK.framework */,
			);
			path = huosdkFramework;
			sourceTree = "<group>";
		};
		F855523E2249F9D8002B2CFA /* ThirdLibs */ = {
			isa = PBXGroup;
			children = (
				F855523F2249F9D8002B2CFA /* OpenUDID */,
				F85552432249F9D8002B2CFA /* IpaynowPlugin */,
				F855524A2249F9D8002B2CFA /* SDKS */,
				F855525C2249F9D8002B2CFA /* ALKATIP Basma Tom.TTF */,
				F855525D2249F9D8002B2CFA /* SPaySDK */,
				F85552732249F9D8002B2CFA /* AliPay */,
				F85552772249F9D8002B2CFA /* ShareSDK */,
				F855529B2249F9D8002B2CFA /* Reachability */,
				F85552A02249F9D8002B2CFA /* OpenSSL-for-iOS */,
				F85552A32249F9D8002B2CFA /* paymentcontrol */,
				F85552A82249F9D8002B2CFA /* MBProgressHUD */,
				F85552AD2249F9D8002B2CFA /* FWPay */,
				F85552B32249F9D8002B2CFA /* ppilib */,
				F85552B62249F9D8002B2CFA /* libqrencode */,
				F85552CB2249F9D8002B2CFA /* WeChat_SDK */,
			);
			path = ThirdLibs;
			sourceTree = "<group>";
		};
		F855523F2249F9D8002B2CFA /* OpenUDID */ = {
			isa = PBXGroup;
			children = (
				F85552402249F9D8002B2CFA /* OpenUDID.m */,
				F85552412249F9D8002B2CFA /* README.md */,
				F85552422249F9D8002B2CFA /* OpenUDID.h */,
			);
			path = OpenUDID;
			sourceTree = "<group>";
		};
		F85552432249F9D8002B2CFA /* IpaynowPlugin */ = {
			isa = PBXGroup;
			children = (
				F85552442249F9D8002B2CFA /* IpaynowPluginApi.h */,
				F85552452249F9D8002B2CFA /* IPNDESUtil.h */,
				F85552462249F9D8002B2CFA /* libIPaynowPlugin.a */,
				F85552472249F9D8002B2CFA /* IpaynowPluginDelegate.h */,
				F85552482249F9D8002B2CFA /* ipaynow.bundle */,
				F85552492249F9D8002B2CFA /* IPNPreSignMessageUtil.h */,
			);
			path = IpaynowPlugin;
			sourceTree = "<group>";
		};
		F855524A2249F9D8002B2CFA /* SDKS */ = {
			isa = PBXGroup;
			children = (
				F855524B2249F9D8002B2CFA /* JNetManager.h */,
				F855524C2249F9D8002B2CFA /* libJNetSdk.a */,
				F855524D2249F9D8002B2CFA /* JNetResponse.h */,
				F855524E2249F9D8002B2CFA /* Librarys */,
				F855525B2249F9D8002B2CFA /* JNetRequest.h */,
			);
			path = SDKS;
			sourceTree = "<group>";
		};
		F855524E2249F9D8002B2CFA /* Librarys */ = {
			isa = PBXGroup;
			children = (
				F855524F2249F9D8002B2CFA /* WXSDK */,
				F85552542249F9D8002B2CFA /* SPSDK */,
				F85552572249F9D8002B2CFA /* AliPaySDK */,
			);
			path = Librarys;
			sourceTree = "<group>";
		};
		F855524F2249F9D8002B2CFA /* WXSDK */ = {
			isa = PBXGroup;
			children = (
				F85552502249F9D8002B2CFA /* libJNetWXAdapter.a */,
				F85552512249F9D8002B2CFA /* WXApi.h */,
				F85552522249F9D8002B2CFA /* WXApiObject.h */,
				F85552532249F9D8002B2CFA /* libWeChatSDK.a */,
			);
			path = WXSDK;
			sourceTree = "<group>";
		};
		F85552542249F9D8002B2CFA /* SPSDK */ = {
			isa = PBXGroup;
			children = (
				F85552552249F9D8002B2CFA /* libJNetSPAdapter.a */,
				F85552562249F9D8002B2CFA /* HySdkResource.bundle */,
			);
			path = SPSDK;
			sourceTree = "<group>";
		};
		F85552572249F9D8002B2CFA /* AliPaySDK */ = {
			isa = PBXGroup;
			children = (
				F85552582249F9D8002B2CFA /* AlipaySDK.bundle */,
				F85552592249F9D8002B2CFA /* libJNetAliAdapter.a */,
				F855525A2249F9D8002B2CFA /* AlipaySDK.framework */,
			);
			path = AliPaySDK;
			sourceTree = "<group>";
		};
		F855525D2249F9D8002B2CFA /* SPaySDK */ = {
			isa = PBXGroup;
			children = (
				F855525E2249F9D8002B2CFA /* include */,
				F85552712249F9D8002B2CFA /* SPaySDKResource.bundle */,
				F85552722249F9D8002B2CFA /* libSPaySDK.a */,
			);
			path = SPaySDK;
			sourceTree = "<group>";
		};
		F855525E2249F9D8002B2CFA /* include */ = {
			isa = PBXGroup;
			children = (
				F855525F2249F9D8002B2CFA /* SPayClientPayHelpModel.h */,
				F85552602249F9D8002B2CFA /* SPayClientXMLWriter.h */,
				F85552612249F9D8002B2CFA /* NSDictionary+SPayUtilsExtras.h */,
				F85552622249F9D8002B2CFA /* SPayClient.h */,
				F85552632249F9D8002B2CFA /* SPayClientQQConfigModel.h */,
				F85552642249F9D8002B2CFA /* SPBaseModel.h */,
				F85552652249F9D8002B2CFA /* SPayClientPaySuccessModel.h */,
				F85552662249F9D8002B2CFA /* SPayClientConstEnum.h */,
				F85552672249F9D8002B2CFA /* SPayClientPaySuccessDetailModel.h */,
				F85552682249F9D8002B2CFA /* NSString+SPayUtilsExtras.h */,
				F85552692249F9D8002B2CFA /* SPayClientPayDetailModel.h */,
				F855526A2249F9D8002B2CFA /* SPayClientHeaders.h */,
				F855526B2249F9D8002B2CFA /* SPayClientAlipayConfigModel.h */,
				F855526C2249F9D8002B2CFA /* SPayClientPayAppPayManager.h */,
				F855526D2249F9D8002B2CFA /* SPayClientWechatConfigModel.h */,
				F855526E2249F9D8002B2CFA /* SPayClientPayStateModel.h */,
				F855526F2249F9D8002B2CFA /* SPayClientWapPayDetailModel.h */,
				F85552702249F9D8002B2CFA /* SPayClientReverseScanPayDetailModel.h */,
			);
			path = include;
			sourceTree = "<group>";
		};
		F85552732249F9D8002B2CFA /* AliPay */ = {
			isa = PBXGroup;
			children = (
				F85552742249F9D8002B2CFA /* AlipaySDK.bundle */,
				F85552752249F9D8002B2CFA /* README.md */,
				F85552762249F9D8002B2CFA /* AlipaySDK.framework */,
			);
			path = AliPay;
			sourceTree = "<group>";
		};
		F85552772249F9D8002B2CFA /* ShareSDK */ = {
			isa = PBXGroup;
			children = (
				F85552782249F9D8002B2CFA /* Support */,
				F855529A2249F9D8002B2CFA /* ShareSDK.framework */,
			);
			path = ShareSDK;
			sourceTree = "<group>";
		};
		F85552782249F9D8002B2CFA /* Support */ = {
			isa = PBXGroup;
			children = (
				F85552792249F9D8002B2CFA /* PlatformSDK */,
				F85552872249F9D8002B2CFA /* Required */,
				F855528B2249F9D8002B2CFA /* Optional */,
				F85552912249F9D8002B2CFA /* PlatformConnector */,
			);
			path = Support;
			sourceTree = "<group>";
		};
		F85552792249F9D8002B2CFA /* PlatformSDK */ = {
			isa = PBXGroup;
			children = (
				F855527A2249F9D8002B2CFA /* SinaWeiboSDK */,
				F855527F2249F9D8002B2CFA /* WeChatSDK */,
				F85552852249F9D8002B2CFA /* QQSDK */,
			);
			path = PlatformSDK;
			sourceTree = "<group>";
		};
		F855527A2249F9D8002B2CFA /* SinaWeiboSDK */ = {
			isa = PBXGroup;
			children = (
				F855527B2249F9D8002B2CFA /* WeiboSDK.bundle */,
				F855527C2249F9D8002B2CFA /* libWeiboSDK.a */,
				F855527D2249F9D8002B2CFA /* WBHttpRequest.h */,
				F855527E2249F9D8002B2CFA /* WeiboSDK.h */,
			);
			path = SinaWeiboSDK;
			sourceTree = "<group>";
		};
		F855527F2249F9D8002B2CFA /* WeChatSDK */ = {
			isa = PBXGroup;
			children = (
				F85552802249F9D8002B2CFA /* WXApi.h */,
				F85552812249F9D8002B2CFA /* WXApiObject.h */,
				F85552822249F9D8002B2CFA /* README.txt */,
				F85552832249F9D8002B2CFA /* WechatAuthSDK.h */,
				F85552842249F9D8002B2CFA /* libWeChatSDK.a */,
			);
			path = WeChatSDK;
			sourceTree = "<group>";
		};
		F85552852249F9D8002B2CFA /* QQSDK */ = {
			isa = PBXGroup;
			children = (
				F85552862249F9D8002B2CFA /* TencentOpenAPI.framework */,
			);
			path = QQSDK;
			sourceTree = "<group>";
		};
		F85552872249F9D8002B2CFA /* Required */ = {
			isa = PBXGroup;
			children = (
				F85552882249F9D8002B2CFA /* ShareSDKConnector.framework */,
				F85552892249F9D8002B2CFA /* ShareSDK.bundle */,
				F855528A2249F9D8002B2CFA /* MOBFoundation.framework */,
			);
			path = Required;
			sourceTree = "<group>";
		};
		F855528B2249F9D8002B2CFA /* Optional */ = {
			isa = PBXGroup;
			children = (
				F855528C2249F9D8002B2CFA /* ShareSDKUI.bundle */,
				F855528D2249F9D8002B2CFA /* ShareSDKConfigFile.framework */,
				F855528E2249F9D8002B2CFA /* ShareSDKExtension.framework */,
				F855528F2249F9D8002B2CFA /* ShareSDKUI.framework */,
				F85552902249F9D8002B2CFA /* ShareSDKConfigFile.bundle */,
			);
			path = Optional;
			sourceTree = "<group>";
		};
		F85552912249F9D8002B2CFA /* PlatformConnector */ = {
			isa = PBXGroup;
			children = (
				F85552922249F9D8002B2CFA /* SMSConnector.framework */,
				F85552932249F9D8002B2CFA /* MailConnector.framework */,
				F85552942249F9D8002B2CFA /* QQConnector.framework */,
				F85552952249F9D8002B2CFA /* CopyConnector.framework */,
				F85552962249F9D8002B2CFA /* TwitterConnector.framework */,
				F85552972249F9D8002B2CFA /* FacebookConnector.framework */,
				F85552982249F9D8002B2CFA /* WechatConnector.framework */,
				F85552992249F9D8002B2CFA /* SinaWeiboConnector.framework */,
			);
			path = PlatformConnector;
			sourceTree = "<group>";
		};
		F855529B2249F9D8002B2CFA /* Reachability */ = {
			isa = PBXGroup;
			children = (
				F855529C2249F9D8002B2CFA /* Reachability.m */,
				F855529D2249F9D8002B2CFA /* LICENCE.txt */,
				F855529E2249F9D8002B2CFA /* README.md */,
				F855529F2249F9D8002B2CFA /* Reachability.h */,
			);
			path = Reachability;
			sourceTree = "<group>";
		};
		F85552A02249F9D8002B2CFA /* OpenSSL-for-iOS */ = {
			isa = PBXGroup;
			children = (
				F85552A12249F9D8002B2CFA /* openssl.framework */,
				F85552A22249F9D8002B2CFA /* README.md */,
			);
			path = "OpenSSL-for-iOS";
			sourceTree = "<group>";
		};
		F85552A32249F9D8002B2CFA /* paymentcontrol */ = {
			isa = PBXGroup;
			children = (
				F85552A42249F9D8002B2CFA /* inc */,
				F85552A62249F9D8002B2CFA /* libs */,
			);
			path = paymentcontrol;
			sourceTree = "<group>";
		};
		F85552A42249F9D8002B2CFA /* inc */ = {
			isa = PBXGroup;
			children = (
				F85552A52249F9D8002B2CFA /* UPPaymentControl.h */,
			);
			path = inc;
			sourceTree = "<group>";
		};
		F85552A62249F9D8002B2CFA /* libs */ = {
			isa = PBXGroup;
			children = (
				F85552A72249F9D8002B2CFA /* libPaymentControl.a */,
			);
			path = libs;
			sourceTree = "<group>";
		};
		F85552A82249F9D8002B2CFA /* MBProgressHUD */ = {
			isa = PBXGroup;
			children = (
				F85552A92249F9D8002B2CFA /* MBProgressHUD.m */,
				F85552AA2249F9D8002B2CFA /* LICENSE */,
				F85552AB2249F9D8002B2CFA /* MBProgressHUD.h */,
				F85552AC2249F9D8002B2CFA /* README.mdown */,
			);
			path = MBProgressHUD;
			sourceTree = "<group>";
		};
		F85552AD2249F9D8002B2CFA /* FWPay */ = {
			isa = PBXGroup;
			children = (
				F85552AE2249F9D8002B2CFA /* FWResource.bundle */,
				F85552AF2249F9D8002B2CFA /* lib */,
			);
			path = FWPay;
			sourceTree = "<group>";
		};
		F85552AF2249F9D8002B2CFA /* lib */ = {
			isa = PBXGroup;
			children = (
				F85552B02249F9D8002B2CFA /* FWParam.h */,
				F85552B12249F9D8002B2CFA /* libFWSdk.a */,
				F85552B22249F9D8002B2CFA /* FWInterface.h */,
			);
			path = lib;
			sourceTree = "<group>";
		};
		F85552B32249F9D8002B2CFA /* ppilib */ = {
			isa = PBXGroup;
			children = (
				F85552B42249F9D8002B2CFA /* libPayecoPayPlugin.a */,
				F85552B52249F9D8002B2CFA /* libPayecoPayPlugin.h */,
			);
			path = ppilib;
			sourceTree = "<group>";
		};
		F85552B62249F9D8002B2CFA /* libqrencode */ = {
			isa = PBXGroup;
			children = (
				F85552B72249F9D8002B2CFA /* mask.h */,
				F85552B82249F9D8002B2CFA /* qrinput.h */,
				F85552B92249F9D8002B2CFA /* bitstream.c */,
				F85552BA2249F9D8002B2CFA /* config.h */,
				F85552BB2249F9D8002B2CFA /* mmask.h */,
				F85552BC2249F9D8002B2CFA /* qrencode.c */,
				F85552BD2249F9D8002B2CFA /* qrspec.h */,
				F85552BE2249F9D8002B2CFA /* mqrspec.h */,
				F85552BF2249F9D8002B2CFA /* split.c */,
				F85552C02249F9D8002B2CFA /* rscode.h */,
				F85552C12249F9D8002B2CFA /* README */,
				F85552C22249F9D8002B2CFA /* qrinput.c */,
				F85552C32249F9D8002B2CFA /* bitstream.h */,
				F85552C42249F9D8002B2CFA /* mask.c */,
				F85552C52249F9D8002B2CFA /* mqrspec.c */,
				F85552C62249F9D8002B2CFA /* qrspec.c */,
				F85552C72249F9D8002B2CFA /* qrencode.h */,
				F85552C82249F9D8002B2CFA /* mmask.c */,
				F85552C92249F9D8002B2CFA /* split.h */,
				F85552CA2249F9D8002B2CFA /* rscode.c */,
			);
			path = libqrencode;
			sourceTree = "<group>";
		};
		F85552CB2249F9D8002B2CFA /* WeChat_SDK */ = {
			isa = PBXGroup;
			children = (
				F85552CC2249F9D8002B2CFA /* openSDK1.7.2 */,
			);
			path = WeChat_SDK;
			sourceTree = "<group>";
		};
		F85552CC2249F9D8002B2CFA /* openSDK1.7.2 */ = {
			isa = PBXGroup;
			children = (
				F85552CD2249F9D8002B2CFA /* WXApi.h */,
				F85552CE2249F9D8002B2CFA /* WXApiObject.h */,
				F85552CF2249F9D8002B2CFA /* WechatAuthSDK.h */,
				F85552D02249F9D8002B2CFA /* libWeChatSDK.a */,
			);
			path = openSDK1.7.2;
			sourceTree = "<group>";
		};
		F8D99B0B205CF3380081206F = {
			isa = PBXGroup;
			children = (
				F8D99B20205CF3C70081206F /* SDK */,
				F8D99B21205CF3C70081206F /* Utils */,
				F8D99B16205CF3380081206F /* JHToolsSDK_Template */,
				F8D99B15205CF3380081206F /* Products */,
			);
			sourceTree = "<group>";
		};
		F8D99B15205CF3380081206F /* Products */ = {
			isa = PBXGroup;
			children = (
				F8D99B14205CF3380081206F /* libJHToolsSDK_Template.a */,
			);
			name = Products;
			sourceTree = "<group>";
		};
		F8D99B16205CF3380081206F /* JHToolsSDK_Template */ = {
			isa = PBXGroup;
			children = (
				F8D99B17205CF3380081206F /* JHToolsSDK_Template.h */,
				F8D99B18205CF3380081206F /* JHToolsSDK_Template.m */,
			);
			path = JHToolsSDK_Template;
			sourceTree = "<group>";
		};
		F8D99B20205CF3C70081206F /* SDK */ = {
			isa = PBXGroup;
			children = (
				F85552392249F9D8002B2CFA /* huosdkFramework */,
				F855523E2249F9D8002B2CFA /* ThirdLibs */,
			);
			path = SDK;
			sourceTree = "<group>";
		};
		F8D99B21205CF3C70081206F /* Utils */ = {
			isa = PBXGroup;
			children = (
				F8D99B29205F40FD0081206F /* HNPloyProgressHUD.h */,
				F8D99B28205F40FC0081206F /* HNPloyProgressHUD.m */,
				F8D99B25205CF7430081206F /* JHToolsUtils.h */,
				F8D99B26205CF7430081206F /* JHToolsUtils.m */,
			);
			path = Utils;
			sourceTree = "<group>";
		};
/* End PBXGroup section */

/* Begin PBXNativeTarget section */
		F8D99B13205CF3380081206F /* JHToolsSDK_Template */ = {
			isa = PBXNativeTarget;
			buildConfigurationList = F8D99B1D205CF3380081206F /* Build configuration list for PBXNativeTarget "JHToolsSDK_Template" */;
			buildPhases = (
				F8D99B10205CF3380081206F /* Sources */,
				F8D99B11205CF3380081206F /* Frameworks */,
				F8D99B12205CF3380081206F /* CopyFiles */,
			);
			buildRules = (
			);
			dependencies = (
			);
			name = JHToolsSDK_Template;
			productName = JHToolsSDK_Template;
			productReference = F8D99B14205CF3380081206F /* libJHToolsSDK_Template.a */;
			productType = "com.apple.product-type.library.static";
		};
/* End PBXNativeTarget section */

/* Begin PBXProject section */
		F8D99B0C205CF3380081206F /* Project object */ = {
			isa = PBXProject;
			attributes = {
				LastUpgradeCheck = 0920;
				ORGANIZATIONNAME = Star;
				TargetAttributes = {
					F8D99B13205CF3380081206F = {
						CreatedOnToolsVersion = 9.2;
						ProvisioningStyle = Automatic;
					};
				};
			};
			buildConfigurationList = F8D99B0F205CF3380081206F /* Build configuration list for PBXProject "JHToolsSDK_Template" */;
			compatibilityVersion = "Xcode 8.0";
			developmentRegion = en;
			hasScannedForEncodings = 0;
			knownRegions = (
				en,
			);
			mainGroup = F8D99B0B205CF3380081206F;
			productRefGroup = F8D99B15205CF3380081206F /* Products */;
			projectDirPath = "";
			projectRoot = "";
			targets = (
				F8D99B13205CF3380081206F /* JHToolsSDK_Template */,
			);
		};
/* End PBXProject section */

/* Begin PBXSourcesBuildPhase section */
		F8D99B10205CF3380081206F /* Sources */ = {
			isa = PBXSourcesBuildPhase;
			buildActionMask = 2147483647;
			files = (
				F8D99B27205CF7430081206F /* JHToolsUtils.m in Sources */,
				F8D99B19205CF3380081206F /* JHToolsSDK_Template.m in Sources */,
				F8D99B2A205F40FD0081206F /* HNPloyProgressHUD.m in Sources */,
			);
			runOnlyForDeploymentPostprocessing = 0;
		};
/* End PBXSourcesBuildPhase section */

/* Begin XCBuildConfiguration section */
		F8D99B1B205CF3380081206F /* Debug */ = {
			isa = XCBuildConfiguration;
			buildSettings = {
				ALWAYS_SEARCH_USER_PATHS = NO;
				CLANG_ANALYZER_NONNULL = YES;
				CLANG_ANALYZER_NUMBER_OBJECT_CONVERSION = YES_AGGRESSIVE;
				CLANG_CXX_LANGUAGE_STANDARD = "gnu++14";
				CLANG_CXX_LIBRARY = "libc++";
				CLANG_ENABLE_MODULES = YES;
				CLANG_ENABLE_OBJC_ARC = YES;
				CLANG_WARN_BLOCK_CAPTURE_AUTORELEASING = YES;
				CLANG_WARN_BOOL_CONVERSION = YES;
				CLANG_WARN_COMMA = YES;
				CLANG_WARN_CONSTANT_CONVERSION = YES;
				CLANG_WARN_DIRECT_OBJC_ISA_USAGE = YES_ERROR;
				CLANG_WARN_DOCUMENTATION_COMMENTS = YES;
				CLANG_WARN_EMPTY_BODY = YES;
				CLANG_WARN_ENUM_CONVERSION = YES;
				CLANG_WARN_INFINITE_RECURSION = YES;
				CLANG_WARN_INT_CONVERSION = YES;
				CLANG_WARN_NON_LITERAL_NULL_CONVERSION = YES;
				CLANG_WARN_OBJC_LITERAL_CONVERSION = YES;
				CLANG_WARN_OBJC_ROOT_CLASS = YES_ERROR;
				CLANG_WARN_RANGE_LOOP_ANALYSIS = YES;
				CLANG_WARN_STRICT_PROTOTYPES = YES;
				CLANG_WARN_SUSPICIOUS_MOVE = YES;
				CLANG_WARN_UNGUARDED_AVAILABILITY = YES_AGGRESSIVE;
				CLANG_WARN_UNREACHABLE_CODE = YES;
				CLANG_WARN__DUPLICATE_METHOD_MATCH = YES;
				CODE_SIGN_IDENTITY = "iPhone Developer";
				COPY_PHASE_STRIP = NO;
				DEBUG_INFORMATION_FORMAT = dwarf;
				ENABLE_STRICT_OBJC_MSGSEND = YES;
				ENABLE_TESTABILITY = YES;
				GCC_C_LANGUAGE_STANDARD = gnu11;
				GCC_DYNAMIC_NO_PIC = NO;
				GCC_NO_COMMON_BLOCKS = YES;
				GCC_OPTIMIZATION_LEVEL = 0;
				GCC_PREPROCESSOR_DEFINITIONS = (
					"DEBUG=1",
					"$(inherited)",
				);
				GCC_WARN_64_TO_32_BIT_CONVERSION = YES;
				GCC_WARN_ABOUT_RETURN_TYPE = YES_ERROR;
				GCC_WARN_UNDECLARED_SELECTOR = YES;
				GCC_WARN_UNINITIALIZED_AUTOS = YES_AGGRESSIVE;
				GCC_WARN_UNUSED_FUNCTION = YES;
				GCC_WARN_UNUSED_VARIABLE = YES;
				IPHONEOS_DEPLOYMENT_TARGET = 8.0;
				MTL_ENABLE_DEBUG_INFO = YES;
				ONLY_ACTIVE_ARCH = YES;
				SDKROOT = iphoneos;
			};
			name = Debug;
		};
		F8D99B1C205CF3380081206F /* Release */ = {
			isa = XCBuildConfiguration;
			buildSettings = {
				ALWAYS_SEARCH_USER_PATHS = NO;
				CLANG_ANALYZER_NONNULL = YES;
				CLANG_ANALYZER_NUMBER_OBJECT_CONVERSION = YES_AGGRESSIVE;
				CLANG_CXX_LANGUAGE_STANDARD = "gnu++14";
				CLANG_CXX_LIBRARY = "libc++";
				CLANG_ENABLE_MODULES = YES;
				CLANG_ENABLE_OBJC_ARC = YES;
				CLANG_WARN_BLOCK_CAPTURE_AUTORELEASING = YES;
				CLANG_WARN_BOOL_CONVERSION = YES;
				CLANG_WARN_COMMA = YES;
				CLANG_WARN_CONSTANT_CONVERSION = YES;
				CLANG_WARN_DIRECT_OBJC_ISA_USAGE = YES_ERROR;
				CLANG_WARN_DOCUMENTATION_COMMENTS = YES;
				CLANG_WARN_EMPTY_BODY = YES;
				CLANG_WARN_ENUM_CONVERSION = YES;
				CLANG_WARN_INFINITE_RECURSION = YES;
				CLANG_WARN_INT_CONVERSION = YES;
				CLANG_WARN_NON_LITERAL_NULL_CONVERSION = YES;
				CLANG_WARN_OBJC_LITERAL_CONVERSION = YES;
				CLANG_WARN_OBJC_ROOT_CLASS = YES_ERROR;
				CLANG_WARN_RANGE_LOOP_ANALYSIS = YES;
				CLANG_WARN_STRICT_PROTOTYPES = YES;
				CLANG_WARN_SUSPICIOUS_MOVE = YES;
				CLANG_WARN_UNGUARDED_AVAILABILITY = YES_AGGRESSIVE;
				CLANG_WARN_UNREACHABLE_CODE = YES;
				CLANG_WARN__DUPLICATE_METHOD_MATCH = YES;
				CODE_SIGN_IDENTITY = "iPhone Developer";
				COPY_PHASE_STRIP = NO;
				DEBUG_INFORMATION_FORMAT = "dwarf-with-dsym";
				ENABLE_NS_ASSERTIONS = NO;
				ENABLE_STRICT_OBJC_MSGSEND = YES;
				GCC_C_LANGUAGE_STANDARD = gnu11;
				GCC_NO_COMMON_BLOCKS = YES;
				GCC_WARN_64_TO_32_BIT_CONVERSION = YES;
				GCC_WARN_ABOUT_RETURN_TYPE = YES_ERROR;
				GCC_WARN_UNDECLARED_SELECTOR = YES;
				GCC_WARN_UNINITIALIZED_AUTOS = YES_AGGRESSIVE;
				GCC_WARN_UNUSED_FUNCTION = YES;
				GCC_WARN_UNUSED_VARIABLE = YES;
				IPHONEOS_DEPLOYMENT_TARGET = 8.0;
				MTL_ENABLE_DEBUG_INFO = NO;
				SDKROOT = iphoneos;
				VALIDATE_PRODUCT = YES;
			};
			name = Release;
		};
		F8D99B1E205CF3380081206F /* Debug */ = {
			isa = XCBuildConfiguration;
			buildSettings = {
				CODE_SIGN_STYLE = Automatic;
				DEVELOPMENT_TEAM = HW9U4B8YY9;
				FRAMEWORK_SEARCH_PATHS = (
					"\"$(SRCROOT)/SDK\"",
					"$(PROJECT_DIR)/SDK/huosdkFramework",
					"$(PROJECT_DIR)/SDK/ThirdLibs/SDKS/Librarys/AliPaySDK",
					"$(PROJECT_DIR)/SDK/ThirdLibs/AliPay",
					"$(PROJECT_DIR)/SDK/ThirdLibs/ShareSDK/Support/PlatformSDK/QQSDK",
					"$(PROJECT_DIR)/SDK/ThirdLibs/ShareSDK/Support/Required",
					"$(PROJECT_DIR)/SDK/ThirdLibs/ShareSDK/Support/Optional",
					"$(PROJECT_DIR)/SDK/ThirdLibs/ShareSDK/Support/PlatformConnector",
					"$(PROJECT_DIR)/SDK/ThirdLibs/ShareSDK",
					"$(PROJECT_DIR)/SDK/ThirdLibs/OpenSSL-for-iOS",
				);
				HEADER_SEARCH_PATHS = "$(PROJECT_DIR)/../../Core/JHToolsSDKCore/JHToolsSDK";
				LIBRARY_SEARCH_PATHS = (
					"$(inherited)",
					"$(PROJECT_DIR)/SDK/ThirdLibs/IpaynowPlugin",
					"$(PROJECT_DIR)/SDK/ThirdLibs/SDKS",
					"$(PROJECT_DIR)/SDK/ThirdLibs/SDKS/Librarys/WXSDK",
					"$(PROJECT_DIR)/SDK/ThirdLibs/SDKS/Librarys/SPSDK",
					"$(PROJECT_DIR)/SDK/ThirdLibs/SDKS/Librarys/AliPaySDK",
					"$(PROJECT_DIR)/SDK/ThirdLibs/SPaySDK",
					"$(PROJECT_DIR)/SDK/ThirdLibs/ShareSDK/Support/PlatformSDK/SinaWeiboSDK",
					"$(PROJECT_DIR)/SDK/ThirdLibs/ShareSDK/Support/PlatformSDK/WeChatSDK",
					"$(PROJECT_DIR)/SDK/ThirdLibs/paymentcontrol/libs",
					"$(PROJECT_DIR)/SDK/ThirdLibs/FWPay/lib",
					"$(PROJECT_DIR)/SDK/ThirdLibs/ppilib",
					"$(PROJECT_DIR)/SDK/ThirdLibs/WeChat_SDK/openSDK1.7.2",
				);
				OTHER_LDFLAGS = "-ObjC";
				PRODUCT_NAME = "$(TARGET_NAME)";
				SKIP_INSTALL = YES;
				TARGETED_DEVICE_FAMILY = "1,2";
			};
			name = Debug;
		};
		F8D99B1F205CF3380081206F /* Release */ = {
			isa = XCBuildConfiguration;
			buildSettings = {
				CODE_SIGN_STYLE = Automatic;
				DEVELOPMENT_TEAM = HW9U4B8YY9;
				FRAMEWORK_SEARCH_PATHS = (
					"\"$(SRCROOT)/SDK\"",
					"$(PROJECT_DIR)/SDK/huosdkFramework",
					"$(PROJECT_DIR)/SDK/ThirdLibs/SDKS/Librarys/AliPaySDK",
					"$(PROJECT_DIR)/SDK/ThirdLibs/AliPay",
					"$(PROJECT_DIR)/SDK/ThirdLibs/ShareSDK/Support/PlatformSDK/QQSDK",
					"$(PROJECT_DIR)/SDK/ThirdLibs/ShareSDK/Support/Required",
					"$(PROJECT_DIR)/SDK/ThirdLibs/ShareSDK/Support/Optional",
					"$(PROJECT_DIR)/SDK/ThirdLibs/ShareSDK/Support/PlatformConnector",
					"$(PROJECT_DIR)/SDK/ThirdLibs/ShareSDK",
					"$(PROJECT_DIR)/SDK/ThirdLibs/OpenSSL-for-iOS",
				);
				HEADER_SEARCH_PATHS = "$(PROJECT_DIR)/../../Core/JHToolsSDKCore/JHToolsSDK";
				LIBRARY_SEARCH_PATHS = (
					"$(inherited)",
					"$(PROJECT_DIR)/SDK/ThirdLibs/IpaynowPlugin",
					"$(PROJECT_DIR)/SDK/ThirdLibs/SDKS",
					"$(PROJECT_DIR)/SDK/ThirdLibs/SDKS/Librarys/WXSDK",
					"$(PROJECT_DIR)/SDK/ThirdLibs/SDKS/Librarys/SPSDK",
					"$(PROJECT_DIR)/SDK/ThirdLibs/SDKS/Librarys/AliPaySDK",
					"$(PROJECT_DIR)/SDK/ThirdLibs/SPaySDK",
					"$(PROJECT_DIR)/SDK/ThirdLibs/ShareSDK/Support/PlatformSDK/SinaWeiboSDK",
					"$(PROJECT_DIR)/SDK/ThirdLibs/ShareSDK/Support/PlatformSDK/WeChatSDK",
					"$(PROJECT_DIR)/SDK/ThirdLibs/paymentcontrol/libs",
					"$(PROJECT_DIR)/SDK/ThirdLibs/FWPay/lib",
					"$(PROJECT_DIR)/SDK/ThirdLibs/ppilib",
					"$(PROJECT_DIR)/SDK/ThirdLibs/WeChat_SDK/openSDK1.7.2",
				);
				OTHER_LDFLAGS = "-ObjC";
				PRODUCT_NAME = "$(TARGET_NAME)";
				SKIP_INSTALL = YES;
				TARGETED_DEVICE_FAMILY = "1,2";
			};
			name = Release;
		};
/* End XCBuildConfiguration section */

/* Begin XCConfigurationList section */
		F8D99B0F205CF3380081206F /* Build configuration list for PBXProject "JHToolsSDK_Template" */ = {
			isa = XCConfigurationList;
			buildConfigurations = (
				F8D99B1B205CF3380081206F /* Debug */,
				F8D99B1C205CF3380081206F /* Release */,
			);
			defaultConfigurationIsVisible = 0;
			defaultConfigurationName = Release;
		};
		F8D99B1D205CF3380081206F /* Build configuration list for PBXNativeTarget "JHToolsSDK_Template" */ = {
			isa = XCConfigurationList;
			buildConfigurations = (
				F8D99B1E205CF3380081206F /* Debug */,
				F8D99B1F205CF3380081206F /* Release */,
			);
			defaultConfigurationIsVisible = 0;
			defaultConfigurationName = Release;
		};
/* End XCConfigurationList section */
	};
	rootObject = F8D99B0C205CF3380081206F /* Project object */;
}
