// !$*UTF8*$!
{
	archiveVersion = 1;
	classes = {
	};
	objectVersion = 48;
	objects = {

/* Begin PBXBuildFile section */
		F8D99B19205CF3380081206F /* JHToolsSDK_51WanSY.m in Sources */ = {isa = PBXBuildFile; fileRef = F8D99B18205CF3380081206F /* JHToolsSDK_51WanSY.m */; };
		F8D99B1A205CF3380081206F /* JHToolsSDK_51WanSY.h in CopyFiles */ = {isa = PBXBuildFile; fileRef = F8D99B17205CF3380081206F /* JHToolsSDK_51WanSY.h */; };
		F8D99B27205CF7430081206F /* JHToolsUtils.m in Sources */ = {isa = PBXBuildFile; fileRef = F8D99B26205CF7430081206F /* JHToolsUtils.m */; };
		F8D99B2A205F40FD0081206F /* HNPloyProgressHUD.m in Sources */ = {isa = PBXBuildFile; fileRef = F8D99B28205F40FC0081206F /* HNPloyProgressHUD.m */; };
/* End PBXBuildFile section */

/* Begin PBXCopyFilesBuildPhase section */
		F8D99B12205CF3380081206F /* CopyFiles */ = {
			isa = PBXCopyFilesBuildPhase;
			buildActionMask = 2147483647;
			dstPath = "include/$(PRODUCT_NAME)";
			dstSubfolderSpec = 16;
			files = (
				F8D99B1A205CF3380081206F /* JHToolsSDK_51WanSY.h in CopyFiles */,
			);
			runOnlyForDeploymentPostprocessing = 0;
		};
/* End PBXCopyFilesBuildPhase section */

/* Begin PBXFileReference section */
		F82AAB022237AA7D00C98EA5 /* Bundle_51WanSY.bundle */ = {isa = PBXFileReference; lastKnownFileType = "wrapper.plug-in"; path = Bundle_51WanSY.bundle; sourceTree = "<group>"; };
		F82AAB042237AA7D00C98EA5 /* AlipaySDK.bundle */ = {isa = PBXFileReference; lastKnownFileType = "wrapper.plug-in"; path = AlipaySDK.bundle; sourceTree = "<group>"; };
		F82AAB052237AA7D00C98EA5 /* AlipaySDK.framework */ = {isa = PBXFileReference; lastKnownFileType = wrapper.framework; path = AlipaySDK.framework; sourceTree = "<group>"; };
		F82AAB062237AA7D00C98EA5 /* SDK_51WanSY.framework */ = {isa = PBXFileReference; lastKnownFileType = wrapper.framework; path = SDK_51WanSY.framework; sourceTree = "<group>"; };
		F82AAB082237AA7D00C98EA5 /* WXApi.h */ = {isa = PBXFileReference; fileEncoding = 4; lastKnownFileType = sourcecode.c.h; path = WXApi.h; sourceTree = "<group>"; };
		F82AAB092237AA7D00C98EA5 /* WXApiObject.h */ = {isa = PBXFileReference; fileEncoding = 4; lastKnownFileType = sourcecode.c.h; path = WXApiObject.h; sourceTree = "<group>"; };
		F82AAB0A2237AA7D00C98EA5 /* README.txt */ = {isa = PBXFileReference; fileEncoding = 4; lastKnownFileType = text; path = README.txt; sourceTree = "<group>"; };
		F82AAB0B2237AA7D00C98EA5 /* WechatAuthSDK.h */ = {isa = PBXFileReference; fileEncoding = 4; lastKnownFileType = sourcecode.c.h; path = WechatAuthSDK.h; sourceTree = "<group>"; };
		F82AAB0C2237AA7D00C98EA5 /* libWeChatSDK.a */ = {isa = PBXFileReference; lastKnownFileType = archive.ar; path = libWeChatSDK.a; sourceTree = "<group>"; };
		F8D99B14205CF3380081206F /* libJHToolsSDK_51WanSY.a */ = {isa = PBXFileReference; explicitFileType = archive.ar; includeInIndex = 0; path = libJHToolsSDK_51WanSY.a; sourceTree = BUILT_PRODUCTS_DIR; };
		F8D99B17205CF3380081206F /* JHToolsSDK_51WanSY.h */ = {isa = PBXFileReference; lastKnownFileType = sourcecode.c.h; path = JHToolsSDK_51WanSY.h; sourceTree = "<group>"; };
		F8D99B18205CF3380081206F /* JHToolsSDK_51WanSY.m */ = {isa = PBXFileReference; lastKnownFileType = sourcecode.c.objc; path = JHToolsSDK_51WanSY.m; sourceTree = "<group>"; };
		F8D99B25205CF7430081206F /* JHToolsUtils.h */ = {isa = PBXFileReference; lastKnownFileType = sourcecode.c.h; path = JHToolsUtils.h; sourceTree = "<group>"; };
		F8D99B26205CF7430081206F /* JHToolsUtils.m */ = {isa = PBXFileReference; lastKnownFileType = sourcecode.c.objc; path = JHToolsUtils.m; sourceTree = "<group>"; };
		F8D99B28205F40FC0081206F /* HNPloyProgressHUD.m */ = {isa = PBXFileReference; fileEncoding = 4; lastKnownFileType = sourcecode.c.objc; path = HNPloyProgressHUD.m; sourceTree = "<group>"; };
		F8D99B29205F40FD0081206F /* HNPloyProgressHUD.h */ = {isa = PBXFileReference; fileEncoding = 4; lastKnownFileType = sourcecode.c.h; path = HNPloyProgressHUD.h; sourceTree = "<group>"; };
/* End PBXFileReference section */

/* Begin PBXFrameworksBuildPhase section */
		F8D99B11205CF3380081206F /* Frameworks */ = {
			isa = PBXFrameworksBuildPhase;
			buildActionMask = 2147483647;
			files = (
			);
			runOnlyForDeploymentPostprocessing = 0;
		};
/* End PBXFrameworksBuildPhase section */

/* Begin PBXGroup section */
		F82AAB032237AA7D00C98EA5 /* AliPaySDK */ = {
			isa = PBXGroup;
			children = (
				F82AAB042237AA7D00C98EA5 /* AlipaySDK.bundle */,
				F82AAB052237AA7D00C98EA5 /* AlipaySDK.framework */,
			);
			path = AliPaySDK;
			sourceTree = "<group>";
		};
		F82AAB072237AA7D00C98EA5 /* WeChatSDK1.8.3 */ = {
			isa = PBXGroup;
			children = (
				F82AAB082237AA7D00C98EA5 /* WXApi.h */,
				F82AAB092237AA7D00C98EA5 /* WXApiObject.h */,
				F82AAB0A2237AA7D00C98EA5 /* README.txt */,
				F82AAB0B2237AA7D00C98EA5 /* WechatAuthSDK.h */,
				F82AAB0C2237AA7D00C98EA5 /* libWeChatSDK.a */,
			);
			path = WeChatSDK1.8.3;
			sourceTree = "<group>";
		};
		F8D99B0B205CF3380081206F = {
			isa = PBXGroup;
			children = (
				F8D99B20205CF3C70081206F /* SDK */,
				F8D99B21205CF3C70081206F /* Utils */,
				F8D99B16205CF3380081206F /* JHToolsSDK_51WanSY */,
				F8D99B15205CF3380081206F /* Products */,
			);
			sourceTree = "<group>";
		};
		F8D99B15205CF3380081206F /* Products */ = {
			isa = PBXGroup;
			children = (
				F8D99B14205CF3380081206F /* libJHToolsSDK_51WanSY.a */,
			);
			name = Products;
			sourceTree = "<group>";
		};
		F8D99B16205CF3380081206F /* JHToolsSDK_51WanSY */ = {
			isa = PBXGroup;
			children = (
				F8D99B17205CF3380081206F /* JHToolsSDK_51WanSY.h */,
				F8D99B18205CF3380081206F /* JHToolsSDK_51WanSY.m */,
			);
			path = JHToolsSDK_51WanSY;
			sourceTree = "<group>";
		};
		F8D99B20205CF3C70081206F /* SDK */ = {
			isa = PBXGroup;
			children = (
				F82AAB032237AA7D00C98EA5 /* AliPaySDK */,
				F82AAB022237AA7D00C98EA5 /* Bundle_51WanSY.bundle */,
				F82AAB062237AA7D00C98EA5 /* SDK_51WanSY.framework */,
				F82AAB072237AA7D00C98EA5 /* WeChatSDK1.8.3 */,
			);
			path = SDK;
			sourceTree = "<group>";
		};
		F8D99B21205CF3C70081206F /* Utils */ = {
			isa = PBXGroup;
			children = (
				F8D99B29205F40FD0081206F /* HNPloyProgressHUD.h */,
				F8D99B28205F40FC0081206F /* HNPloyProgressHUD.m */,
				F8D99B25205CF7430081206F /* JHToolsUtils.h */,
				F8D99B26205CF7430081206F /* JHToolsUtils.m */,
			);
			path = Utils;
			sourceTree = "<group>";
		};
/* End PBXGroup section */

/* Begin PBXNativeTarget section */
		F8D99B13205CF3380081206F /* JHToolsSDK_51WanSY */ = {
			isa = PBXNativeTarget;
			buildConfigurationList = F8D99B1D205CF3380081206F /* Build configuration list for PBXNativeTarget "JHToolsSDK_51WanSY" */;
			buildPhases = (
				F8D99B10205CF3380081206F /* Sources */,
				F8D99B11205CF3380081206F /* Frameworks */,
				F8D99B12205CF3380081206F /* CopyFiles */,
			);
			buildRules = (
			);
			dependencies = (
			);
			name = JHToolsSDK_51WanSY;
			productName = JHToolsSDK_51WanSY;
			productReference = F8D99B14205CF3380081206F /* libJHToolsSDK_51WanSY.a */;
			productType = "com.apple.product-type.library.static";
		};
/* End PBXNativeTarget section */

/* Begin PBXProject section */
		F8D99B0C205CF3380081206F /* Project object */ = {
			isa = PBXProject;
			attributes = {
				LastUpgradeCheck = 0920;
				ORGANIZATIONNAME = Star;
				TargetAttributes = {
					F8D99B13205CF3380081206F = {
						CreatedOnToolsVersion = 9.2;
						ProvisioningStyle = Automatic;
					};
				};
			};
			buildConfigurationList = F8D99B0F205CF3380081206F /* Build configuration list for PBXProject "JHToolsSDK_51WanSY" */;
			compatibilityVersion = "Xcode 8.0";
			developmentRegion = en;
			hasScannedForEncodings = 0;
			knownRegions = (
				en,
			);
			mainGroup = F8D99B0B205CF3380081206F;
			productRefGroup = F8D99B15205CF3380081206F /* Products */;
			projectDirPath = "";
			projectRoot = "";
			targets = (
				F8D99B13205CF3380081206F /* JHToolsSDK_51WanSY */,
			);
		};
/* End PBXProject section */

/* Begin PBXSourcesBuildPhase section */
		F8D99B10205CF3380081206F /* Sources */ = {
			isa = PBXSourcesBuildPhase;
			buildActionMask = 2147483647;
			files = (
				F8D99B27205CF7430081206F /* JHToolsUtils.m in Sources */,
				F8D99B19205CF3380081206F /* JHToolsSDK_51WanSY.m in Sources */,
				F8D99B2A205F40FD0081206F /* HNPloyProgressHUD.m in Sources */,
			);
			runOnlyForDeploymentPostprocessing = 0;
		};
/* End PBXSourcesBuildPhase section */

/* Begin XCBuildConfiguration section */
		F8D99B1B205CF3380081206F /* Debug */ = {
			isa = XCBuildConfiguration;
			buildSettings = {
				ALWAYS_SEARCH_USER_PATHS = NO;
				CLANG_ANALYZER_NONNULL = YES;
				CLANG_ANALYZER_NUMBER_OBJECT_CONVERSION = YES_AGGRESSIVE;
				CLANG_CXX_LANGUAGE_STANDARD = "gnu++14";
				CLANG_CXX_LIBRARY = "libc++";
				CLANG_ENABLE_MODULES = YES;
				CLANG_ENABLE_OBJC_ARC = YES;
				CLANG_WARN_BLOCK_CAPTURE_AUTORELEASING = YES;
				CLANG_WARN_BOOL_CONVERSION = YES;
				CLANG_WARN_COMMA = YES;
				CLANG_WARN_CONSTANT_CONVERSION = YES;
				CLANG_WARN_DIRECT_OBJC_ISA_USAGE = YES_ERROR;
				CLANG_WARN_DOCUMENTATION_COMMENTS = YES;
				CLANG_WARN_EMPTY_BODY = YES;
				CLANG_WARN_ENUM_CONVERSION = YES;
				CLANG_WARN_INFINITE_RECURSION = YES;
				CLANG_WARN_INT_CONVERSION = YES;
				CLANG_WARN_NON_LITERAL_NULL_CONVERSION = YES;
				CLANG_WARN_OBJC_LITERAL_CONVERSION = YES;
				CLANG_WARN_OBJC_ROOT_CLASS = YES_ERROR;
				CLANG_WARN_RANGE_LOOP_ANALYSIS = YES;
				CLANG_WARN_STRICT_PROTOTYPES = YES;
				CLANG_WARN_SUSPICIOUS_MOVE = YES;
				CLANG_WARN_UNGUARDED_AVAILABILITY = YES_AGGRESSIVE;
				CLANG_WARN_UNREACHABLE_CODE = YES;
				CLANG_WARN__DUPLICATE_METHOD_MATCH = YES;
				CODE_SIGN_IDENTITY = "iPhone Developer";
				COPY_PHASE_STRIP = NO;
				DEBUG_INFORMATION_FORMAT = dwarf;
				ENABLE_STRICT_OBJC_MSGSEND = YES;
				ENABLE_TESTABILITY = YES;
				GCC_C_LANGUAGE_STANDARD = gnu11;
				GCC_DYNAMIC_NO_PIC = NO;
				GCC_NO_COMMON_BLOCKS = YES;
				GCC_OPTIMIZATION_LEVEL = 0;
				GCC_PREPROCESSOR_DEFINITIONS = (
					"DEBUG=1",
					"$(inherited)",
				);
				GCC_WARN_64_TO_32_BIT_CONVERSION = YES;
				GCC_WARN_ABOUT_RETURN_TYPE = YES_ERROR;
				GCC_WARN_UNDECLARED_SELECTOR = YES;
				GCC_WARN_UNINITIALIZED_AUTOS = YES_AGGRESSIVE;
				GCC_WARN_UNUSED_FUNCTION = YES;
				GCC_WARN_UNUSED_VARIABLE = YES;
				IPHONEOS_DEPLOYMENT_TARGET = 8.0;
				MTL_ENABLE_DEBUG_INFO = YES;
				ONLY_ACTIVE_ARCH = YES;
				SDKROOT = iphoneos;
			};
			name = Debug;
		};
		F8D99B1C205CF3380081206F /* Release */ = {
			isa = XCBuildConfiguration;
			buildSettings = {
				ALWAYS_SEARCH_USER_PATHS = NO;
				CLANG_ANALYZER_NONNULL = YES;
				CLANG_ANALYZER_NUMBER_OBJECT_CONVERSION = YES_AGGRESSIVE;
				CLANG_CXX_LANGUAGE_STANDARD = "gnu++14";
				CLANG_CXX_LIBRARY = "libc++";
				CLANG_ENABLE_MODULES = YES;
				CLANG_ENABLE_OBJC_ARC = YES;
				CLANG_WARN_BLOCK_CAPTURE_AUTORELEASING = YES;
				CLANG_WARN_BOOL_CONVERSION = YES;
				CLANG_WARN_COMMA = YES;
				CLANG_WARN_CONSTANT_CONVERSION = YES;
				CLANG_WARN_DIRECT_OBJC_ISA_USAGE = YES_ERROR;
				CLANG_WARN_DOCUMENTATION_COMMENTS = YES;
				CLANG_WARN_EMPTY_BODY = YES;
				CLANG_WARN_ENUM_CONVERSION = YES;
				CLANG_WARN_INFINITE_RECURSION = YES;
				CLANG_WARN_INT_CONVERSION = YES;
				CLANG_WARN_NON_LITERAL_NULL_CONVERSION = YES;
				CLANG_WARN_OBJC_LITERAL_CONVERSION = YES;
				CLANG_WARN_OBJC_ROOT_CLASS = YES_ERROR;
				CLANG_WARN_RANGE_LOOP_ANALYSIS = YES;
				CLANG_WARN_STRICT_PROTOTYPES = YES;
				CLANG_WARN_SUSPICIOUS_MOVE = YES;
				CLANG_WARN_UNGUARDED_AVAILABILITY = YES_AGGRESSIVE;
				CLANG_WARN_UNREACHABLE_CODE = YES;
				CLANG_WARN__DUPLICATE_METHOD_MATCH = YES;
				CODE_SIGN_IDENTITY = "iPhone Developer";
				COPY_PHASE_STRIP = NO;
				DEBUG_INFORMATION_FORMAT = "dwarf-with-dsym";
				ENABLE_NS_ASSERTIONS = NO;
				ENABLE_STRICT_OBJC_MSGSEND = YES;
				GCC_C_LANGUAGE_STANDARD = gnu11;
				GCC_NO_COMMON_BLOCKS = YES;
				GCC_WARN_64_TO_32_BIT_CONVERSION = YES;
				GCC_WARN_ABOUT_RETURN_TYPE = YES_ERROR;
				GCC_WARN_UNDECLARED_SELECTOR = YES;
				GCC_WARN_UNINITIALIZED_AUTOS = YES_AGGRESSIVE;
				GCC_WARN_UNUSED_FUNCTION = YES;
				GCC_WARN_UNUSED_VARIABLE = YES;
				IPHONEOS_DEPLOYMENT_TARGET = 8.0;
				MTL_ENABLE_DEBUG_INFO = NO;
				SDKROOT = iphoneos;
				VALIDATE_PRODUCT = YES;
			};
			name = Release;
		};
		F8D99B1E205CF3380081206F /* Debug */ = {
			isa = XCBuildConfiguration;
			buildSettings = {
				CODE_SIGN_STYLE = Automatic;
				DEVELOPMENT_TEAM = HW9U4B8YY9;
				FRAMEWORK_SEARCH_PATHS = (
					"\"$(SRCROOT)/SDK\"",
					"$(PROJECT_DIR)/SDK/AliPaySDK",
					"$(PROJECT_DIR)/SDK",
				);
				HEADER_SEARCH_PATHS = "$(PROJECT_DIR)/../../Core/JHToolsSDKCore/JHToolsSDK";
				LIBRARY_SEARCH_PATHS = (
					"$(inherited)",
					"$(PROJECT_DIR)/SDK/WeChatSDK1.8.3",
				);
				ONLY_ACTIVE_ARCH = NO;
				OTHER_LDFLAGS = "-ObjC";
				PRODUCT_NAME = "$(TARGET_NAME)";
				SKIP_INSTALL = YES;
				TARGETED_DEVICE_FAMILY = "1,2";
			};
			name = Debug;
		};
		F8D99B1F205CF3380081206F /* Release */ = {
			isa = XCBuildConfiguration;
			buildSettings = {
				CODE_SIGN_STYLE = Automatic;
				DEVELOPMENT_TEAM = HW9U4B8YY9;
				FRAMEWORK_SEARCH_PATHS = (
					"\"$(SRCROOT)/SDK\"",
					"$(PROJECT_DIR)/SDK/AliPaySDK",
					"$(PROJECT_DIR)/SDK",
				);
				HEADER_SEARCH_PATHS = "$(PROJECT_DIR)/../../Core/JHToolsSDKCore/JHToolsSDK";
				LIBRARY_SEARCH_PATHS = (
					"$(inherited)",
					"$(PROJECT_DIR)/SDK/WeChatSDK1.8.3",
				);
				OTHER_LDFLAGS = "-ObjC";
				PRODUCT_NAME = "$(TARGET_NAME)";
				SKIP_INSTALL = YES;
				TARGETED_DEVICE_FAMILY = "1,2";
			};
			name = Release;
		};
/* End XCBuildConfiguration section */

/* Begin XCConfigurationList section */
		F8D99B0F205CF3380081206F /* Build configuration list for PBXProject "JHToolsSDK_51WanSY" */ = {
			isa = XCConfigurationList;
			buildConfigurations = (
				F8D99B1B205CF3380081206F /* Debug */,
				F8D99B1C205CF3380081206F /* Release */,
			);
			defaultConfigurationIsVisible = 0;
			defaultConfigurationName = Release;
		};
		F8D99B1D205CF3380081206F /* Build configuration list for PBXNativeTarget "JHToolsSDK_51WanSY" */ = {
			isa = XCConfigurationList;
			buildConfigurations = (
				F8D99B1E205CF3380081206F /* Debug */,
				F8D99B1F205CF3380081206F /* Release */,
			);
			defaultConfigurationIsVisible = 0;
			defaultConfigurationName = Release;
		};
/* End XCConfigurationList section */
	};
	rootObject = F8D99B0C205CF3380081206F /* Project object */;
}
